
Microsoft Visual Studio Solution File, Format Version 12.00
# Visual Studio Version 17
VisualStudioVersion = 17.3.32929.385
MinimumVisualStudioVersion = 10.0.40219.1
Project("{FAE04EC0-301F-11D3-BF4B-00C04F79EFBC}") = "JobDescription", "JobDescription\JobDescription.csproj", "{5601CD4C-74D3-4056-97FA-DA5FF069EB2B}"
EndProject
Global
	GlobalSection(SolutionConfigurationPlatforms) = preSolution
		Debug|Any CPU = Debug|Any CPU
		Release|Any CPU = Release|Any CPU
	EndGlobalSection
	GlobalSection(ProjectConfigurationPlatforms) = postSolution
		{5601CD4C-74D3-4056-97FA-DA5FF069EB2B}.Debug|Any CPU.ActiveCfg = Debug|Any CPU
		{5601CD4C-74D3-4056-97FA-DA5FF069EB2B}.Debug|Any CPU.Build.0 = Debug|Any CPU
		{5601CD4C-74D3-4056-97FA-DA5FF069EB2B}.Release|Any CPU.ActiveCfg = Release|Any CPU
		{5601CD4C-74D3-4056-97FA-DA5FF069EB2B}.Release|Any CPU.Build.0 = Release|Any CPU
	EndGlobalSection
	GlobalSection(SolutionProperties) = preSolution
		HideSolutionNode = FALSE
	EndGlobalSection
	GlobalSection(ExtensibilityGlobals) = postSolution
		SolutionGuid = {80ED5182-F45C-49EE-AC59-34134FCBD5C5}
	EndGlobalSection
EndGlobal
