
Microsoft Visual Studio Solution File, Format Version 12.00
# Visual Studio Version 17
VisualStudioVersion = 17.3.32929.385
MinimumVisualStudioVersion = 10.0.40219.1
Project("{FAE04EC0-301F-11D3-BF4B-00C04F79EFBC}") = "JobDescription", "JobDescription\JobDescription.csproj", "{5601CD4C-74D3-4056-97FA-DA5FF069EB2B}"
EndProject
Project("{FAE04EC0-301F-11D3-BF4B-00C04F79EFBC}") = "Employees", "Employees\Employees.csproj", "{AA4B0134-1A42-4B92-8CAE-4D9DD7E896C6}"
EndProject
Project("{FAE04EC0-301F-11D3-BF4B-00C04F79EFBC}") = "Ranking", "Ranking\Ranking.csproj", "{8DA450DA-4275-4B7A-B34E-C91C39B295DD}"
EndProject
Global
	GlobalSection(SolutionConfigurationPlatforms) = preSolution
		Debug|Any CPU = Debug|Any CPU
		Release|Any CPU = Release|Any CPU
	EndGlobalSection
	GlobalSection(ProjectConfigurationPlatforms) = postSolution
		{5601CD4C-74D3-4056-97FA-DA5FF069EB2B}.Debug|Any CPU.ActiveCfg = Debug|Any CPU
		{5601CD4C-74D3-4056-97FA-DA5FF069EB2B}.Debug|Any CPU.Build.0 = Debug|Any CPU
		{5601CD4C-74D3-4056-97FA-DA5FF069EB2B}.Release|Any CPU.ActiveCfg = Release|Any CPU
		{5601CD4C-74D3-4056-97FA-DA5FF069EB2B}.Release|Any CPU.Build.0 = Release|Any CPU
		{AA4B0134-1A42-4B92-8CAE-4D9DD7E896C6}.Debug|Any CPU.ActiveCfg = Debug|Any CPU
		{AA4B0134-1A42-4B92-8CAE-4D9DD7E896C6}.Debug|Any CPU.Build.0 = Debug|Any CPU
		{AA4B0134-1A42-4B92-8CAE-4D9DD7E896C6}.Release|Any CPU.ActiveCfg = Release|Any CPU
		{AA4B0134-1A42-4B92-8CAE-4D9DD7E896C6}.Release|Any CPU.Build.0 = Release|Any CPU
		{8DA450DA-4275-4B7A-B34E-C91C39B295DD}.Debug|Any CPU.ActiveCfg = Debug|Any CPU
		{8DA450DA-4275-4B7A-B34E-C91C39B295DD}.Debug|Any CPU.Build.0 = Debug|Any CPU
		{8DA450DA-4275-4B7A-B34E-C91C39B295DD}.Release|Any CPU.ActiveCfg = Release|Any CPU
		{8DA450DA-4275-4B7A-B34E-C91C39B295DD}.Release|Any CPU.Build.0 = Release|Any CPU
	EndGlobalSection
	GlobalSection(SolutionProperties) = preSolution
		HideSolutionNode = FALSE
	EndGlobalSection
	GlobalSection(ExtensibilityGlobals) = postSolution
		SolutionGuid = {80ED5182-F45C-49EE-AC59-34134FCBD5C5}
	EndGlobalSection
EndGlobal
